PODS:
  - DACircularProgress (2.3.1)
  - pop (1.0.9)
  - SDWebImage (4.0.0-beta2):
    - SDWebImage/Core (= 4.0.0-beta2)
  - SDWebImage/Core (4.0.0-beta2)

DEPENDENCIES:
  - DACircularProgress
  - pop
  - SDWebImage (~> 4.0.0-beta2)

SPEC CHECKSUMS:
  DACircularProgress: 4dd437c0fc3da5161cb289e07ac449493d41db71
  pop: f667631a5108a2e60d9e8797c9b32ddaf2080bce
  SDWebImage: e379f33106cf8d6766f970c0ef1c3fb609c94d78

PODFILE CHECKSUM: 61868cb777d803d27ae783169fed1e05f93f7ee3

COCOAPODS: 1.1.1
